
Microsoft Visual Studio Solution File, Format Version 11.00
# Visual Studio 2010
Project("{FAE04EC0-301F-11D3-BF4B-00C04F79EFBC}") = "Assembly-CSharp", "Assembly-CSharp.csproj", "{f6d0682a-1a7a-83af-296f-268c05d566ab}"
EndProject
Project("{FAE04EC0-301F-11D3-BF4B-00C04F79EFBC}") = "DaiMangou.BridgedData", "DaiMangou.BridgedData.csproj", "{18dd4b68-e0c6-eef7-f084-cb2486d4e99f}"
EndProject
Project("{FAE04EC0-301F-11D3-BF4B-00C04F79EFBC}") = "Assembly-CSharp-Editor", "Assembly-CSharp-Editor.csproj", "{63f5181b-9617-75b6-b7d6-87f483b9583f}"
EndProject
Global
	GlobalSection(SolutionConfigurationPlatforms) = preSolution
		Debug|Any CPU = Debug|Any CPU
	EndGlobalSection
	GlobalSection(ProjectConfigurationPlatforms) = postSolution
		{f6d0682a-1a7a-83af-296f-268c05d566ab}.Debug|Any CPU.ActiveCfg = Debug|Any CPU
		{f6d0682a-1a7a-83af-296f-268c05d566ab}.Debug|Any CPU.Build.0 = Debug|Any CPU
		{18dd4b68-e0c6-eef7-f084-cb2486d4e99f}.Debug|Any CPU.ActiveCfg = Debug|Any CPU
		{18dd4b68-e0c6-eef7-f084-cb2486d4e99f}.Debug|Any CPU.Build.0 = Debug|Any CPU
		{63f5181b-9617-75b6-b7d6-87f483b9583f}.Debug|Any CPU.ActiveCfg = Debug|Any CPU
		{63f5181b-9617-75b6-b7d6-87f483b9583f}.Debug|Any CPU.Build.0 = Debug|Any CPU
	EndGlobalSection
	GlobalSection(SolutionProperties) = preSolution
		HideSolutionNode = FALSE
	EndGlobalSection
EndGlobal
